
Microsoft Visual Studio Solution File, Format Version 12.00
# Visual Studio Version 17
VisualStudioVersion = 17.7.34024.191
MinimumVisualStudioVersion = 10.0.40219.1
Project("{FAE04EC0-301F-11D3-BF4B-00C04F79EFBC}") = "QuickRedis.Sample.ConsoleApp", "QuickRedis.Sample.ConsoleApp\QuickRedis.Sample.ConsoleApp.csproj", "{A7396B4C-9A57-4A68-B4D0-FD38F31D247C}"
EndProject
Global
	GlobalSection(SolutionConfigurationPlatforms) = preSolution
		Debug|Any CPU = Debug|Any CPU
		Release|Any CPU = Release|Any CPU
	EndGlobalSection
	GlobalSection(ProjectConfigurationPlatforms) = postSolution
		{A7396B4C-9A57-4A68-B4D0-FD38F31D247C}.Debug|Any CPU.ActiveCfg = Debug|Any CPU
		{A7396B4C-9A57-4A68-B4D0-FD38F31D247C}.Debug|Any CPU.Build.0 = Debug|Any CPU
		{A7396B4C-9A57-4A68-B4D0-FD38F31D247C}.Release|Any CPU.ActiveCfg = Release|Any CPU
		{A7396B4C-9A57-4A68-B4D0-FD38F31D247C}.Release|Any CPU.Build.0 = Release|Any CPU
	EndGlobalSection
	GlobalSection(SolutionProperties) = preSolution
		HideSolutionNode = FALSE
	EndGlobalSection
	GlobalSection(ExtensibilityGlobals) = postSolution
		SolutionGuid = {C07D3F01-DCAC-47EE-89F5-E25C29565C16}
	EndGlobalSection
EndGlobal
