
Microsoft Visual Studio Solution File, Format Version 12.00
# Visual Studio Version 17
VisualStudioVersion = 17.7.34024.191
MinimumVisualStudioVersion = 10.0.40219.1
Project("{FAE04EC0-301F-11D3-BF4B-00C04F79EFBC}") = "QuickRedis", "QuickRedis\QuickRedis.csproj", "{1CD68F4A-1A3E-4E75-977C-4412D0838BFF}"
EndProject
Global
	GlobalSection(SolutionConfigurationPlatforms) = preSolution
		Debug|Any CPU = Debug|Any CPU
		Release|Any CPU = Release|Any CPU
	EndGlobalSection
	GlobalSection(ProjectConfigurationPlatforms) = postSolution
		{1CD68F4A-1A3E-4E75-977C-4412D0838BFF}.Debug|Any CPU.ActiveCfg = Debug|Any CPU
		{1CD68F4A-1A3E-4E75-977C-4412D0838BFF}.Debug|Any CPU.Build.0 = Debug|Any CPU
		{1CD68F4A-1A3E-4E75-977C-4412D0838BFF}.Release|Any CPU.ActiveCfg = Release|Any CPU
		{1CD68F4A-1A3E-4E75-977C-4412D0838BFF}.Release|Any CPU.Build.0 = Release|Any CPU
	EndGlobalSection
	GlobalSection(SolutionProperties) = preSolution
		HideSolutionNode = FALSE
	EndGlobalSection
	GlobalSection(ExtensibilityGlobals) = postSolution
		SolutionGuid = {194E283F-FA6F-43E4-A31E-62A98232AE7C}
	EndGlobalSection
EndGlobal
